{
  "name": "vue3_vite",
  "version": "1.0.0",
  "lockfileVersion": 2,
  "requires": true,
  "packages": {
    "": {
      "version": "1.0.0",
      "license": "ISC",
      "dependencies": {
        "@types/node": "^14.14.12",
        "intercept-axios": "^1.0.1"
      },
      "peerDependencies": {
        "vue": "^3.0.5"
      }
    },
    "node_modules/@babel/helper-validator-identifier": {
      "version": "7.14.0",
      "resolved": "https://registry.nlark.com/@babel/helper-validator-identifier/download/@babel/helper-validator-identifier-7.14.0.tgz?cache=0&sync_timestamp=1619727430134&other_urls=https%3A%2F%2Fregistry.nlark.com%2F%40babel%2Fhelper-validator-identifier%2Fdownload%2F%40babel%2Fhelper-validator-identifier-7.14.0.tgz",
      "integrity": "sha1-0mytikfGUoaxXfFUcxml0Lzycog=",
      "peer": true
    },
    "node_modules/@babel/parser": {
      "version": "7.14.1",
      "resolved": "https://registry.nlark.com/@babel/parser/download/@babel/parser-7.14.1.tgz?cache=0&sync_timestamp=1620093379852&other_urls=https%3A%2F%2Fregistry.nlark.com%2F%40babel%2Fparser%2Fdownload%2F%40babel%2Fparser-7.14.1.tgz",
      "integrity": "sha1-G9ZEtds/V5fER52J7BgX/gK4TEc=",
      "peer": true,
      "bin": {
        "parser": "bin/babel-parser.js"
      },
      "engines": {
        "node": ">=6.0.0"
      }
    },
    "node_modules/@babel/types": {
      "version": "7.14.1",
      "resolved": "https://registry.nlark.com/@babel/types/download/@babel/types-7.14.1.tgz?cache=0&sync_timestamp=1620093499278&other_urls=https%3A%2F%2Fregistry.nlark.com%2F%40babel%2Ftypes%2Fdownload%2F%40babel%2Ftypes-7.14.1.tgz",
      "integrity": "sha1-CVvRLxwIq2Pv9uj3dF+nycwVqds=",
      "peer": true,
      "dependencies": {
        "@babel/helper-validator-identifier": "^7.14.0",
        "to-fast-properties": "^2.0.0"
      }
    },
    "node_modules/@types/node": {
      "version": "14.14.12",
      "resolved": "https://registry.npm.taobao.org/@types/node/download/@types/node-14.14.12.tgz?cache=0&sync_timestamp=1607590709537&other_urls=https%3A%2F%2Fregistry.npm.taobao.org%2F%40types%2Fnode%2Fdownload%2F%40types%2Fnode-14.14.12.tgz",
      "integrity": "sha1-Cx2G+MQBQQkShd6gLklA33O7pD8="
    },
    "node_modules/@vue/compiler-core": {
      "version": "3.0.11",
      "resolved": "https://registry.nlark.com/@vue/compiler-core/download/@vue/compiler-core-3.0.11.tgz",
      "integrity": "sha1-XvV55G17M2uHNSKHWNHCxQWq5po=",
      "peer": true,
      "dependencies": {
        "@babel/parser": "^7.12.0",
        "@babel/types": "^7.12.0",
        "@vue/shared": "3.0.11",
        "estree-walker": "^2.0.1",
        "source-map": "^0.6.1"
      }
    },
    "node_modules/@vue/compiler-dom": {
      "version": "3.0.11",
      "resolved": "https://registry.nlark.com/@vue/compiler-dom/download/@vue/compiler-dom-3.0.11.tgz",
      "integrity": "sha1-sV/ByQk3H9ZxdGAgulW12rSnMO4=",
      "peer": true,
      "dependencies": {
        "@vue/compiler-core": "3.0.11",
        "@vue/shared": "3.0.11"
      }
    },
    "node_modules/@vue/reactivity": {
      "version": "3.0.11",
      "resolved": "https://registry.nlark.com/@vue/reactivity/download/@vue/reactivity-3.0.11.tgz",
      "integrity": "sha1-B7WINJ/QViaxfzUAy+99S9tNvQs=",
      "peer": true,
      "dependencies": {
        "@vue/shared": "3.0.11"
      }
    },
    "node_modules/@vue/runtime-core": {
      "version": "3.0.11",
      "resolved": "https://registry.nlark.com/@vue/runtime-core/download/@vue/runtime-core-3.0.11.tgz",
      "integrity": "sha1-xS38as8yFUk2I1UsHCkZCAxWLkQ=",
      "peer": true,
      "dependencies": {
        "@vue/reactivity": "3.0.11",
        "@vue/shared": "3.0.11"
      }
    },
    "node_modules/@vue/runtime-dom": {
      "version": "3.0.11",
      "resolved": "https://registry.nlark.com/@vue/runtime-dom/download/@vue/runtime-dom-3.0.11.tgz",
      "integrity": "sha1-elUt8hkHlCch/raWHEGOIippkzc=",
      "peer": true,
      "dependencies": {
        "@vue/runtime-core": "3.0.11",
        "@vue/shared": "3.0.11",
        "csstype": "^2.6.8"
      }
    },
    "node_modules/@vue/shared": {
      "version": "3.0.11",
      "resolved": "https://registry.nlark.com/@vue/shared/download/@vue/shared-3.0.11.tgz?cache=0&sync_timestamp=1620509098240&other_urls=https%3A%2F%2Fregistry.nlark.com%2F%40vue%2Fshared%2Fdownload%2F%40vue%2Fshared-3.0.11.tgz",
      "integrity": "sha1-INIt0Np9NYuyHBf5vehigVJkLHc=",
      "peer": true
    },
    "node_modules/csstype": {
      "version": "2.6.17",
      "resolved": "https://registry.nlark.com/csstype/download/csstype-2.6.17.tgz",
      "integrity": "sha1-TPMOuH4dGgBdi2UQ+VKSQT9qHA4=",
      "peer": true
    },
    "node_modules/estree-walker": {
      "version": "2.0.2",
      "resolved": "https://registry.npm.taobao.org/estree-walker/download/estree-walker-2.0.2.tgz",
      "integrity": "sha1-UvAQF4wqTBF6d1fP6UKtt9LaTKw=",
      "peer": true
    },
    "node_modules/fsevents": {
      "version": "2.3.2",
      "resolved": "https://registry.npm.taobao.org/fsevents/download/fsevents-2.3.2.tgz?cache=0&sync_timestamp=1612536422255&other_urls=https%3A%2F%2Fregistry.npm.taobao.org%2Ffsevents%2Fdownload%2Ffsevents-2.3.2.tgz",
      "integrity": "sha1-ilJveLj99GI7cJ4Ll1xSwkwC/Ro=",
      "optional": true,
      "peer": true,
      "engines": {
        "node": "^8.16.0 || ^10.6.0 || >=11.0.0"
      }
    },
    "node_modules/intercept-axios": {
      "version": "1.0.1",
      "resolved": "https://registry.nlark.com/intercept-axios/download/intercept-axios-1.0.1.tgz",
      "integrity": "sha1-XeJeoSCokyrv1fYpHX05D8FHjm0=",
      "peerDependencies": {
        "rollup": "^2.41.4",
        "typescript": "^4.2.3"
      }
    },
    "node_modules/rollup": {
      "version": "2.49.0",
      "resolved": "https://registry.nlark.com/rollup/download/rollup-2.49.0.tgz?cache=0&sync_timestamp=1621747122277&other_urls=https%3A%2F%2Fregistry.nlark.com%2Frollup%2Fdownload%2Frollup-2.49.0.tgz",
      "integrity": "sha1-8OW7K3cN3xvozDDUzONFdXTIyHE=",
      "peer": true,
      "bin": {
        "rollup": "dist/bin/rollup"
      },
      "engines": {
        "node": ">=10.0.0"
      },
      "optionalDependencies": {
        "fsevents": "~2.3.1"
      }
    },
    "node_modules/source-map": {
      "version": "0.6.1",
      "resolved": "https://registry.npm.taobao.org/source-map/download/source-map-0.6.1.tgz",
      "integrity": "sha1-dHIq8y6WFOnCh6jQu95IteLxomM=",
      "peer": true,
      "engines": {
        "node": ">=0.10.0"
      }
    },
    "node_modules/to-fast-properties": {
      "version": "2.0.0",
      "resolved": "https://registry.npm.taobao.org/to-fast-properties/download/to-fast-properties-2.0.0.tgz",
      "integrity": "sha1-3F5pjL0HkmW8c+A3doGk5Og/YW4=",
      "peer": true,
      "engines": {
        "node": ">=4"
      }
    },
    "node_modules/typescript": {
      "version": "4.2.4",
      "resolved": "https://registry.nlark.com/typescript/download/typescript-4.2.4.tgz",
      "integrity": "sha1-hhC1l0feAo/aiYqK7w4QPxVtCWE=",
      "peer": true,
      "bin": {
        "tsc": "bin/tsc",
        "tsserver": "bin/tsserver"
      },
      "engines": {
        "node": ">=4.2.0"
      }
    },
    "node_modules/vue": {
      "version": "3.0.11",
      "resolved": "https://registry.nlark.com/vue/download/vue-3.0.11.tgz",
      "integrity": "sha1-yC+VlMv03MhpJB1MjdPgjZqPS18=",
      "peer": true,
      "dependencies": {
        "@vue/compiler-dom": "3.0.11",
        "@vue/runtime-dom": "3.0.11",
        "@vue/shared": "3.0.11"
      }
    }
  },
  "dependencies": {
    "@babel/helper-validator-identifier": {
      "version": "7.14.0",
      "resolved": "https://registry.nlark.com/@babel/helper-validator-identifier/download/@babel/helper-validator-identifier-7.14.0.tgz?cache=0&sync_timestamp=1619727430134&other_urls=https%3A%2F%2Fregistry.nlark.com%2F%40babel%2Fhelper-validator-identifier%2Fdownload%2F%40babel%2Fhelper-validator-identifier-7.14.0.tgz",
      "integrity": "sha1-0mytikfGUoaxXfFUcxml0Lzycog=",
      "peer": true
    },
    "@babel/parser": {
      "version": "7.14.1",
      "resolved": "https://registry.nlark.com/@babel/parser/download/@babel/parser-7.14.1.tgz?cache=0&sync_timestamp=1620093379852&other_urls=https%3A%2F%2Fregistry.nlark.com%2F%40babel%2Fparser%2Fdownload%2F%40babel%2Fparser-7.14.1.tgz",
      "integrity": "sha1-G9ZEtds/V5fER52J7BgX/gK4TEc=",
      "peer": true
    },
    "@babel/types": {
      "version": "7.14.1",
      "resolved": "https://registry.nlark.com/@babel/types/download/@babel/types-7.14.1.tgz?cache=0&sync_timestamp=1620093499278&other_urls=https%3A%2F%2Fregistry.nlark.com%2F%40babel%2Ftypes%2Fdownload%2F%40babel%2Ftypes-7.14.1.tgz",
      "integrity": "sha1-CVvRLxwIq2Pv9uj3dF+nycwVqds=",
      "peer": true,
      "requires": {
        "@babel/helper-validator-identifier": "^7.14.0",
        "to-fast-properties": "^2.0.0"
      }
    },
    "@types/node": {
      "version": "14.14.12",
      "resolved": "https://registry.npm.taobao.org/@types/node/download/@types/node-14.14.12.tgz?cache=0&sync_timestamp=1607590709537&other_urls=https%3A%2F%2Fregistry.npm.taobao.org%2F%40types%2Fnode%2Fdownload%2F%40types%2Fnode-14.14.12.tgz",
      "integrity": "sha1-Cx2G+MQBQQkShd6gLklA33O7pD8="
    },
    "@vue/compiler-core": {
      "version": "3.0.11",
      "resolved": "https://registry.nlark.com/@vue/compiler-core/download/@vue/compiler-core-3.0.11.tgz",
      "integrity": "sha1-XvV55G17M2uHNSKHWNHCxQWq5po=",
      "peer": true,
      "requires": {
        "@babel/parser": "^7.12.0",
        "@babel/types": "^7.12.0",
        "@vue/shared": "3.0.11",
        "estree-walker": "^2.0.1",
        "source-map": "^0.6.1"
      }
    },
    "@vue/compiler-dom": {
      "version": "3.0.11",
      "resolved": "https://registry.nlark.com/@vue/compiler-dom/download/@vue/compiler-dom-3.0.11.tgz",
      "integrity": "sha1-sV/ByQk3H9ZxdGAgulW12rSnMO4=",
      "peer": true,
      "requires": {
        "@vue/compiler-core": "3.0.11",
        "@vue/shared": "3.0.11"
      }
    },
    "@vue/reactivity": {
      "version": "3.0.11",
      "resolved": "https://registry.nlark.com/@vue/reactivity/download/@vue/reactivity-3.0.11.tgz",
      "integrity": "sha1-B7WINJ/QViaxfzUAy+99S9tNvQs=",
      "peer": true,
      "requires": {
        "@vue/shared": "3.0.11"
      }
    },
    "@vue/runtime-core": {
      "version": "3.0.11",
      "resolved": "https://registry.nlark.com/@vue/runtime-core/download/@vue/runtime-core-3.0.11.tgz",
      "integrity": "sha1-xS38as8yFUk2I1UsHCkZCAxWLkQ=",
      "peer": true,
      "requires": {
        "@vue/reactivity": "3.0.11",
        "@vue/shared": "3.0.11"
      }
    },
    "@vue/runtime-dom": {
      "version": "3.0.11",
      "resolved": "https://registry.nlark.com/@vue/runtime-dom/download/@vue/runtime-dom-3.0.11.tgz",
      "integrity": "sha1-elUt8hkHlCch/raWHEGOIippkzc=",
      "peer": true,
      "requires": {
        "@vue/runtime-core": "3.0.11",
        "@vue/shared": "3.0.11",
        "csstype": "^2.6.8"
      }
    },
    "@vue/shared": {
      "version": "3.0.11",
      "resolved": "https://registry.nlark.com/@vue/shared/download/@vue/shared-3.0.11.tgz?cache=0&sync_timestamp=1620509098240&other_urls=https%3A%2F%2Fregistry.nlark.com%2F%40vue%2Fshared%2Fdownload%2F%40vue%2Fshared-3.0.11.tgz",
      "integrity": "sha1-INIt0Np9NYuyHBf5vehigVJkLHc=",
      "peer": true
    },
    "csstype": {
      "version": "2.6.17",
      "resolved": "https://registry.nlark.com/csstype/download/csstype-2.6.17.tgz",
      "integrity": "sha1-TPMOuH4dGgBdi2UQ+VKSQT9qHA4=",
      "peer": true
    },
    "estree-walker": {
      "version": "2.0.2",
      "resolved": "https://registry.npm.taobao.org/estree-walker/download/estree-walker-2.0.2.tgz",
      "integrity": "sha1-UvAQF4wqTBF6d1fP6UKtt9LaTKw=",
      "peer": true
    },
    "fsevents": {
      "version": "2.3.2",
      "resolved": "https://registry.npm.taobao.org/fsevents/download/fsevents-2.3.2.tgz?cache=0&sync_timestamp=1612536422255&other_urls=https%3A%2F%2Fregistry.npm.taobao.org%2Ffsevents%2Fdownload%2Ffsevents-2.3.2.tgz",
      "integrity": "sha1-ilJveLj99GI7cJ4Ll1xSwkwC/Ro=",
      "optional": true,
      "peer": true
    },
    "intercept-axios": {
      "version": "1.0.1",
      "resolved": "https://registry.nlark.com/intercept-axios/download/intercept-axios-1.0.1.tgz",
      "integrity": "sha1-XeJeoSCokyrv1fYpHX05D8FHjm0=",
      "requires": {}
    },
    "rollup": {
      "version": "2.49.0",
      "resolved": "https://registry.nlark.com/rollup/download/rollup-2.49.0.tgz?cache=0&sync_timestamp=1621747122277&other_urls=https%3A%2F%2Fregistry.nlark.com%2Frollup%2Fdownload%2Frollup-2.49.0.tgz",
      "integrity": "sha1-8OW7K3cN3xvozDDUzONFdXTIyHE=",
      "peer": true,
      "requires": {
        "fsevents": "~2.3.1"
      }
    },
    "source-map": {
      "version": "0.6.1",
      "resolved": "https://registry.npm.taobao.org/source-map/download/source-map-0.6.1.tgz",
      "integrity": "sha1-dHIq8y6WFOnCh6jQu95IteLxomM=",
      "peer": true
    },
    "to-fast-properties": {
      "version": "2.0.0",
      "resolved": "https://registry.npm.taobao.org/to-fast-properties/download/to-fast-properties-2.0.0.tgz",
      "integrity": "sha1-3F5pjL0HkmW8c+A3doGk5Og/YW4=",
      "peer": true
    },
    "typescript": {
      "version": "4.2.4",
      "resolved": "https://registry.nlark.com/typescript/download/typescript-4.2.4.tgz",
      "integrity": "sha1-hhC1l0feAo/aiYqK7w4QPxVtCWE=",
      "peer": true
    },
    "vue": {
      "version": "3.0.11",
      "resolved": "https://registry.nlark.com/vue/download/vue-3.0.11.tgz",
      "integrity": "sha1-yC+VlMv03MhpJB1MjdPgjZqPS18=",
      "peer": true,
      "requires": {
        "@vue/compiler-dom": "3.0.11",
        "@vue/runtime-dom": "3.0.11",
        "@vue/shared": "3.0.11"
      }
    }
  }
}
